
Microsoft Visual Studio Solution File, Format Version 12.00
# Visual Studio Version 17
VisualStudioVersion = 17.0.31903.59
MinimumVisualStudioVersion = 10.0.40219.1
Project("{2150E333-8FDC-42A3-9474-1A3956D46DE8}") = "src", "src", "{827E0CD3-B72D-47B6-A68D-7590B98EB39B}"
EndProject
Project("{FAE04EC0-301F-11D3-BF4B-00C04F79EFBC}") = "Inventory.Domain", "src\Inventory.Domain\Inventory.Domain.csproj", "{9311C7F9-5442-4F97-BD5C-C402F98800CA}"
EndProject
Project("{FAE04EC0-301F-11D3-BF4B-00C04F79EFBC}") = "Inventory.Application", "src\Inventory.Application\Inventory.Application.csproj", "{C945C86E-D7D3-4990-9176-1EC8D348E539}"
EndProject
Project("{FAE04EC0-301F-11D3-BF4B-00C04F79EFBC}") = "Inventory.Infrastructure", "src\Inventory.Infrastructure\Inventory.Infrastructure.csproj", "{D8F688FD-4FDF-4031-BAC1-05B02EB2B83F}"
EndProject
Project("{FAE04EC0-301F-11D3-BF4B-00C04F79EFBC}") = "Inventory.Web", "src\Inventory.Web\Inventory.Web.csproj", "{7A029518-F00F-478A-874B-EB2E9DEEA245}"
EndProject
Project("{FAE04EC0-301F-11D3-BF4B-00C04F79EFBC}") = "Inventory.Api", "src\Inventory.Api\Inventory.Api.csproj", "{F36C5019-C6A1-476F-A814-666724279ED7}"
EndProject
Project("{2150E333-8FDC-42A3-9474-1A3956D46DE8}") = "tests", "tests", "{0AB3BF05-4346-4AA6-1389-037BE0695223}"
EndProject
Project("{FAE04EC0-301F-11D3-BF4B-00C04F79EFBC}") = "Inventory.UnitTests", "tests\Inventory.UnitTests\Inventory.UnitTests.csproj", "{E7905447-BA2B-4893-A981-E23DCE2F6BB8}"
EndProject
Project("{FAE04EC0-301F-11D3-BF4B-00C04F79EFBC}") = "Inventory.IntegrationTests", "tests\Inventory.IntegrationTests\Inventory.IntegrationTests.csproj", "{7000C682-D5F9-4F99-99B0-5EC0142BD70E}"
EndProject
Global
	GlobalSection(SolutionConfigurationPlatforms) = preSolution
		Debug|Any CPU = Debug|Any CPU
		Debug|x64 = Debug|x64
		Debug|x86 = Debug|x86
		Release|Any CPU = Release|Any CPU
		Release|x64 = Release|x64
		Release|x86 = Release|x86
	EndGlobalSection
	GlobalSection(ProjectConfigurationPlatforms) = postSolution
		{9311C7F9-5442-4F97-BD5C-C402F98800CA}.Debug|Any CPU.ActiveCfg = Debug|Any CPU
		{9311C7F9-5442-4F97-BD5C-C402F98800CA}.Debug|Any CPU.Build.0 = Debug|Any CPU
		{9311C7F9-5442-4F97-BD5C-C402F98800CA}.Debug|x64.ActiveCfg = Debug|Any CPU
		{9311C7F9-5442-4F97-BD5C-C402F98800CA}.Debug|x64.Build.0 = Debug|Any CPU
		{9311C7F9-5442-4F97-BD5C-C402F98800CA}.Debug|x86.ActiveCfg = Debug|Any CPU
		{9311C7F9-5442-4F97-BD5C-C402F98800CA}.Debug|x86.Build.0 = Debug|Any CPU
		{9311C7F9-5442-4F97-BD5C-C402F98800CA}.Release|Any CPU.ActiveCfg = Release|Any CPU
		{9311C7F9-5442-4F97-BD5C-C402F98800CA}.Release|Any CPU.Build.0 = Release|Any CPU
		{9311C7F9-5442-4F97-BD5C-C402F98800CA}.Release|x64.ActiveCfg = Release|Any CPU
		{9311C7F9-5442-4F97-BD5C-C402F98800CA}.Release|x64.Build.0 = Release|Any CPU
		{9311C7F9-5442-4F97-BD5C-C402F98800CA}.Release|x86.ActiveCfg = Release|Any CPU
		{9311C7F9-5442-4F97-BD5C-C402F98800CA}.Release|x86.Build.0 = Release|Any CPU
		{C945C86E-D7D3-4990-9176-1EC8D348E539}.Debug|Any CPU.ActiveCfg = Debug|Any CPU
		{C945C86E-D7D3-4990-9176-1EC8D348E539}.Debug|Any CPU.Build.0 = Debug|Any CPU
		{C945C86E-D7D3-4990-9176-1EC8D348E539}.Debug|x64.ActiveCfg = Debug|Any CPU
		{C945C86E-D7D3-4990-9176-1EC8D348E539}.Debug|x64.Build.0 = Debug|Any CPU
		{C945C86E-D7D3-4990-9176-1EC8D348E539}.Debug|x86.ActiveCfg = Debug|Any CPU
		{C945C86E-D7D3-4990-9176-1EC8D348E539}.Debug|x86.Build.0 = Debug|Any CPU
		{C945C86E-D7D3-4990-9176-1EC8D348E539}.Release|Any CPU.ActiveCfg = Release|Any CPU
		{C945C86E-D7D3-4990-9176-1EC8D348E539}.Release|Any CPU.Build.0 = Release|Any CPU
		{C945C86E-D7D3-4990-9176-1EC8D348E539}.Release|x64.ActiveCfg = Release|Any CPU
		{C945C86E-D7D3-4990-9176-1EC8D348E539}.Release|x64.Build.0 = Release|Any CPU
		{C945C86E-D7D3-4990-9176-1EC8D348E539}.Release|x86.ActiveCfg = Release|Any CPU
		{C945C86E-D7D3-4990-9176-1EC8D348E539}.Release|x86.Build.0 = Release|Any CPU
		{D8F688FD-4FDF-4031-BAC1-05B02EB2B83F}.Debug|Any CPU.ActiveCfg = Debug|Any CPU
		{D8F688FD-4FDF-4031-BAC1-05B02EB2B83F}.Debug|Any CPU.Build.0 = Debug|Any CPU
		{D8F688FD-4FDF-4031-BAC1-05B02EB2B83F}.Debug|x64.ActiveCfg = Debug|Any CPU
		{D8F688FD-4FDF-4031-BAC1-05B02EB2B83F}.Debug|x64.Build.0 = Debug|Any CPU
		{D8F688FD-4FDF-4031-BAC1-05B02EB2B83F}.Debug|x86.ActiveCfg = Debug|Any CPU
		{D8F688FD-4FDF-4031-BAC1-05B02EB2B83F}.Debug|x86.Build.0 = Debug|Any CPU
		{D8F688FD-4FDF-4031-BAC1-05B02EB2B83F}.Release|Any CPU.ActiveCfg = Release|Any CPU
		{D8F688FD-4FDF-4031-BAC1-05B02EB2B83F}.Release|Any CPU.Build.0 = Release|Any CPU
		{D8F688FD-4FDF-4031-BAC1-05B02EB2B83F}.Release|x64.ActiveCfg = Release|Any CPU
		{D8F688FD-4FDF-4031-BAC1-05B02EB2B83F}.Release|x64.Build.0 = Release|Any CPU
		{D8F688FD-4FDF-4031-BAC1-05B02EB2B83F}.Release|x86.ActiveCfg = Release|Any CPU
		{D8F688FD-4FDF-4031-BAC1-05B02EB2B83F}.Release|x86.Build.0 = Release|Any CPU
		{7A029518-F00F-478A-874B-EB2E9DEEA245}.Debug|Any CPU.ActiveCfg = Debug|Any CPU
		{7A029518-F00F-478A-874B-EB2E9DEEA245}.Debug|Any CPU.Build.0 = Debug|Any CPU
		{7A029518-F00F-478A-874B-EB2E9DEEA245}.Debug|x64.ActiveCfg = Debug|Any CPU
		{7A029518-F00F-478A-874B-EB2E9DEEA245}.Debug|x64.Build.0 = Debug|Any CPU
		{7A029518-F00F-478A-874B-EB2E9DEEA245}.Debug|x86.ActiveCfg = Debug|Any CPU
		{7A029518-F00F-478A-874B-EB2E9DEEA245}.Debug|x86.Build.0 = Debug|Any CPU
		{7A029518-F00F-478A-874B-EB2E9DEEA245}.Release|Any CPU.ActiveCfg = Release|Any CPU
		{7A029518-F00F-478A-874B-EB2E9DEEA245}.Release|Any CPU.Build.0 = Release|Any CPU
		{7A029518-F00F-478A-874B-EB2E9DEEA245}.Release|x64.ActiveCfg = Release|Any CPU
		{7A029518-F00F-478A-874B-EB2E9DEEA245}.Release|x64.Build.0 = Release|Any CPU
		{7A029518-F00F-478A-874B-EB2E9DEEA245}.Release|x86.ActiveCfg = Release|Any CPU
		{7A029518-F00F-478A-874B-EB2E9DEEA245}.Release|x86.Build.0 = Release|Any CPU
		{F36C5019-C6A1-476F-A814-666724279ED7}.Debug|Any CPU.ActiveCfg = Debug|Any CPU
		{F36C5019-C6A1-476F-A814-666724279ED7}.Debug|Any CPU.Build.0 = Debug|Any CPU
		{F36C5019-C6A1-476F-A814-666724279ED7}.Debug|x64.ActiveCfg = Debug|Any CPU
		{F36C5019-C6A1-476F-A814-666724279ED7}.Debug|x64.Build.0 = Debug|Any CPU
		{F36C5019-C6A1-476F-A814-666724279ED7}.Debug|x86.ActiveCfg = Debug|Any CPU
		{F36C5019-C6A1-476F-A814-666724279ED7}.Debug|x86.Build.0 = Debug|Any CPU
		{F36C5019-C6A1-476F-A814-666724279ED7}.Release|Any CPU.ActiveCfg = Release|Any CPU
		{F36C5019-C6A1-476F-A814-666724279ED7}.Release|Any CPU.Build.0 = Release|Any CPU
		{F36C5019-C6A1-476F-A814-666724279ED7}.Release|x64.ActiveCfg = Release|Any CPU
		{F36C5019-C6A1-476F-A814-666724279ED7}.Release|x64.Build.0 = Release|Any CPU
		{F36C5019-C6A1-476F-A814-666724279ED7}.Release|x86.ActiveCfg = Release|Any CPU
		{F36C5019-C6A1-476F-A814-666724279ED7}.Release|x86.Build.0 = Release|Any CPU
		{E7905447-BA2B-4893-A981-E23DCE2F6BB8}.Debug|Any CPU.ActiveCfg = Debug|Any CPU
		{E7905447-BA2B-4893-A981-E23DCE2F6BB8}.Debug|Any CPU.Build.0 = Debug|Any CPU
		{E7905447-BA2B-4893-A981-E23DCE2F6BB8}.Debug|x64.ActiveCfg = Debug|Any CPU
		{E7905447-BA2B-4893-A981-E23DCE2F6BB8}.Debug|x64.Build.0 = Debug|Any CPU
		{E7905447-BA2B-4893-A981-E23DCE2F6BB8}.Debug|x86.ActiveCfg = Debug|Any CPU
		{E7905447-BA2B-4893-A981-E23DCE2F6BB8}.Debug|x86.Build.0 = Debug|Any CPU
		{E7905447-BA2B-4893-A981-E23DCE2F6BB8}.Release|Any CPU.ActiveCfg = Release|Any CPU
		{E7905447-BA2B-4893-A981-E23DCE2F6BB8}.Release|Any CPU.Build.0 = Release|Any CPU
		{E7905447-BA2B-4893-A981-E23DCE2F6BB8}.Release|x64.ActiveCfg = Release|Any CPU
		{E7905447-BA2B-4893-A981-E23DCE2F6BB8}.Release|x64.Build.0 = Release|Any CPU
		{E7905447-BA2B-4893-A981-E23DCE2F6BB8}.Release|x86.ActiveCfg = Release|Any CPU
		{E7905447-BA2B-4893-A981-E23DCE2F6BB8}.Release|x86.Build.0 = Release|Any CPU
		{7000C682-D5F9-4F99-99B0-5EC0142BD70E}.Debug|Any CPU.ActiveCfg = Debug|Any CPU
		{7000C682-D5F9-4F99-99B0-5EC0142BD70E}.Debug|Any CPU.Build.0 = Debug|Any CPU
		{7000C682-D5F9-4F99-99B0-5EC0142BD70E}.Debug|x64.ActiveCfg = Debug|Any CPU
		{7000C682-D5F9-4F99-99B0-5EC0142BD70E}.Debug|x64.Build.0 = Debug|Any CPU
		{7000C682-D5F9-4F99-99B0-5EC0142BD70E}.Debug|x86.ActiveCfg = Debug|Any CPU
		{7000C682-D5F9-4F99-99B0-5EC0142BD70E}.Debug|x86.Build.0 = Debug|Any CPU
		{7000C682-D5F9-4F99-99B0-5EC0142BD70E}.Release|Any CPU.ActiveCfg = Release|Any CPU
		{7000C682-D5F9-4F99-99B0-5EC0142BD70E}.Release|Any CPU.Build.0 = Release|Any CPU
		{7000C682-D5F9-4F99-99B0-5EC0142BD70E}.Release|x64.ActiveCfg = Release|Any CPU
		{7000C682-D5F9-4F99-99B0-5EC0142BD70E}.Release|x64.Build.0 = Release|Any CPU
		{7000C682-D5F9-4F99-99B0-5EC0142BD70E}.Release|x86.ActiveCfg = Release|Any CPU
		{7000C682-D5F9-4F99-99B0-5EC0142BD70E}.Release|x86.Build.0 = Release|Any CPU
	EndGlobalSection
	GlobalSection(SolutionProperties) = preSolution
		HideSolutionNode = FALSE
	EndGlobalSection
	GlobalSection(NestedProjects) = preSolution
		{9311C7F9-5442-4F97-BD5C-C402F98800CA} = {827E0CD3-B72D-47B6-A68D-7590B98EB39B}
		{C945C86E-D7D3-4990-9176-1EC8D348E539} = {827E0CD3-B72D-47B6-A68D-7590B98EB39B}
		{D8F688FD-4FDF-4031-BAC1-05B02EB2B83F} = {827E0CD3-B72D-47B6-A68D-7590B98EB39B}
		{7A029518-F00F-478A-874B-EB2E9DEEA245} = {827E0CD3-B72D-47B6-A68D-7590B98EB39B}
		{F36C5019-C6A1-476F-A814-666724279ED7} = {827E0CD3-B72D-47B6-A68D-7590B98EB39B}
		{E7905447-BA2B-4893-A981-E23DCE2F6BB8} = {0AB3BF05-4346-4AA6-1389-037BE0695223}
		{7000C682-D5F9-4F99-99B0-5EC0142BD70E} = {0AB3BF05-4346-4AA6-1389-037BE0695223}
	EndGlobalSection
EndGlobal
